
Microsoft Visual Studio Solution File, Format Version 12.00
# Visual Studio Version 16
VisualStudioVersion = 16.0.31005.135
MinimumVisualStudioVersion = 10.0.40219.1
Project("{FAE04EC0-301F-11D3-BF4B-00C04F79EFBC}") = "PickACardUI", "PickACardUI\PickACardUI.csproj", "{6679C4F6-1D82-42EF-852A-B6A1ED7E5E10}"
EndProject
Global
	GlobalSection(SolutionConfigurationPlatforms) = preSolution
		Debug|Any CPU = Debug|Any CPU
		Release|Any CPU = Release|Any CPU
	EndGlobalSection
	GlobalSection(ProjectConfigurationPlatforms) = postSolution
		{6679C4F6-1D82-42EF-852A-B6A1ED7E5E10}.Debug|Any CPU.ActiveCfg = Debug|Any CPU
		{6679C4F6-1D82-42EF-852A-B6A1ED7E5E10}.Debug|Any CPU.Build.0 = Debug|Any CPU
		{6679C4F6-1D82-42EF-852A-B6A1ED7E5E10}.Release|Any CPU.ActiveCfg = Release|Any CPU
		{6679C4F6-1D82-42EF-852A-B6A1ED7E5E10}.Release|Any CPU.Build.0 = Release|Any CPU
	EndGlobalSection
	GlobalSection(SolutionProperties) = preSolution
		HideSolutionNode = FALSE
	EndGlobalSection
	GlobalSection(ExtensibilityGlobals) = postSolution
		SolutionGuid = {3A124A8B-1462-4446-8805-AB4149C7422F}
	EndGlobalSection
EndGlobal
